
Microsoft Visual Studio Solution File, Format Version 12.00
# Visual Studio 14
VisualStudioVersion = 14.0.25420.1
MinimumVisualStudioVersion = 10.0.40219.1
Project("{FAE04EC0-301F-11D3-BF4B-00C04F79EFBC}") = "CH.Crc32", "CH.Crc32\CH.Crc32.csproj", "{15ED86C0-ECFA-457F-A4DA-065A09133957}"
EndProject
Project("{FAE04EC0-301F-11D3-BF4B-00C04F79EFBC}") = "CH.Crc32.Tests", "CH.Crc32.Tests\CH.Crc32.Tests.csproj", "{17D7D819-0E67-4852-8155-204169017B03}"
EndProject
Global
	GlobalSection(SolutionConfigurationPlatforms) = preSolution
		Debug|Any CPU = Debug|Any CPU
		Release|Any CPU = Release|Any CPU
	EndGlobalSection
	GlobalSection(ProjectConfigurationPlatforms) = postSolution
		{15ED86C0-ECFA-457F-A4DA-065A09133957}.Debug|Any CPU.ActiveCfg = Debug|Any CPU
		{15ED86C0-ECFA-457F-A4DA-065A09133957}.Debug|Any CPU.Build.0 = Debug|Any CPU
		{15ED86C0-ECFA-457F-A4DA-065A09133957}.Release|Any CPU.ActiveCfg = Release|Any CPU
		{15ED86C0-ECFA-457F-A4DA-065A09133957}.Release|Any CPU.Build.0 = Release|Any CPU
		{17D7D819-0E67-4852-8155-204169017B03}.Debug|Any CPU.ActiveCfg = Debug|Any CPU
		{17D7D819-0E67-4852-8155-204169017B03}.Debug|Any CPU.Build.0 = Debug|Any CPU
		{17D7D819-0E67-4852-8155-204169017B03}.Release|Any CPU.ActiveCfg = Release|Any CPU
		{17D7D819-0E67-4852-8155-204169017B03}.Release|Any CPU.Build.0 = Release|Any CPU
	EndGlobalSection
	GlobalSection(SolutionProperties) = preSolution
		HideSolutionNode = FALSE
	EndGlobalSection
EndGlobal
